// !$*UTF8*$!
{
	archiveVersion = 1;
	classes = {
	};
	objectVersion = 55;
	objects = {

/* Begin PBXBuildFile section */
		BA0B98672899551400EFFF94 /* AccentButton.swift in Sources */ = {isa = PBXBuildFile; fileRef = BA0B98662899551400EFFF94 /* AccentButton.swift */; };
		BA0B98682899551400EFFF94 /* AccentButton.swift in Sources */ = {isa = PBXBuildFile; fileRef = BA0B98662899551400EFFF94 /* AccentButton.swift */; };
		BA0B986A2899EEDB00EFFF94 /* PaddingManager.swift in Sources */ = {isa = PBXBuildFile; fileRef = BA0B98692899EEDB00EFFF94 /* PaddingManager.swift */; };
		BA0B986B2899EEDB00EFFF94 /* PaddingManager.swift in Sources */ = {isa = PBXBuildFile; fileRef = BA0B98692899EEDB00EFFF94 /* PaddingManager.swift */; };
		BA0B986D289BF58500EFFF94 /* CartView.swift in Sources */ = {isa = PBXBuildFile; fileRef = BA0B986C289BF58500EFFF94 /* CartView.swift */; };
		BA105C0D28B7A1CF00999B4A /* NavigationStack in Frameworks */ = {isa = PBXBuildFile; productRef = BA105C0C28B7A1CF00999B4A /* NavigationStack */; };
		BA105C0F28B7A22D00999B4A /* MainView.swift in Sources */ = {isa = PBXBuildFile; fileRef = BA105C0E28B7A22D00999B4A /* MainView.swift */; };
		BA105C1228B7A36F00999B4A /* Router.swift in Sources */ = {isa = PBXBuildFile; fileRef = BA105C1128B7A36F00999B4A /* Router.swift */; };
		BA163C5628B3B2CA00BCE98F /* CartViewModel.swift in Sources */ = {isa = PBXBuildFile; fileRef = BA163C5528B3B2CA00BCE98F /* CartViewModel.swift */; };
		BA163C5728B3B2CA00BCE98F /* CartViewModel.swift in Sources */ = {isa = PBXBuildFile; fileRef = BA163C5528B3B2CA00BCE98F /* CartViewModel.swift */; };
		BA163C5928B4F97F00BCE98F /* CustomDivider.swift in Sources */ = {isa = PBXBuildFile; fileRef = BA163C5828B4F97F00BCE98F /* CustomDivider.swift */; };
		BA163C5A28B4F97F00BCE98F /* CustomDivider.swift in Sources */ = {isa = PBXBuildFile; fileRef = BA163C5828B4F97F00BCE98F /* CustomDivider.swift */; };
		BA163C5F28B64BE100BCE98F /* CustomNavigationBar.swift in Sources */ = {isa = PBXBuildFile; fileRef = BA163C5E28B64BE100BCE98F /* CustomNavigationBar.swift */; };
		BA163C6028B64BE100BCE98F /* CustomNavigationBar.swift in Sources */ = {isa = PBXBuildFile; fileRef = BA163C5E28B64BE100BCE98F /* CustomNavigationBar.swift */; };
		BA163C6228B7988200BCE98F /* RoundButton.swift in Sources */ = {isa = PBXBuildFile; fileRef = BA163C6128B7988200BCE98F /* RoundButton.swift */; };
		BA163C6328B7988200BCE98F /* RoundButton.swift in Sources */ = {isa = PBXBuildFile; fileRef = BA163C6128B7988200BCE98F /* RoundButton.swift */; };
		BA9D32B028C0D97700754BBA /* ContainerWithPinnedBottomView.swift in Sources */ = {isa = PBXBuildFile; fileRef = BA9D32AF28C0D97700754BBA /* ContainerWithPinnedBottomView.swift */; };
		BA9D32B128C0D97700754BBA /* ContainerWithPinnedBottomView.swift in Sources */ = {isa = PBXBuildFile; fileRef = BA9D32AF28C0D97700754BBA /* ContainerWithPinnedBottomView.swift */; };
		BAB66527288F5C5F007FABE8 /* Tests_iOS.swift in Sources */ = {isa = PBXBuildFile; fileRef = BAB66526288F5C5F007FABE8 /* Tests_iOS.swift */; };
		BAB66529288F5C5F007FABE8 /* Tests_iOSLaunchTests.swift in Sources */ = {isa = PBXBuildFile; fileRef = BAB66528288F5C5F007FABE8 /* Tests_iOSLaunchTests.swift */; };
		BAB66533288F5C5F007FABE8 /* Tests_macOS.swift in Sources */ = {isa = PBXBuildFile; fileRef = BAB66532288F5C5F007FABE8 /* Tests_macOS.swift */; };
		BAB66535288F5C5F007FABE8 /* Tests_macOSLaunchTests.swift in Sources */ = {isa = PBXBuildFile; fileRef = BAB66534288F5C5F007FABE8 /* Tests_macOSLaunchTests.swift */; };
		BAB66536288F5C5F007FABE8 /* DonutTemplateApp.swift in Sources */ = {isa = PBXBuildFile; fileRef = BAB6650E288F5C56007FABE8 /* DonutTemplateApp.swift */; };
		BAB66537288F5C5F007FABE8 /* DonutTemplateApp.swift in Sources */ = {isa = PBXBuildFile; fileRef = BAB6650E288F5C56007FABE8 /* DonutTemplateApp.swift */; };
		BAB6653A288F5C5F007FABE8 /* Assets.xcassets in Resources */ = {isa = PBXBuildFile; fileRef = BAB66510288F5C5F007FABE8 /* Assets.xcassets */; };
		BAB6653B288F5C5F007FABE8 /* Assets.xcassets in Resources */ = {isa = PBXBuildFile; fileRef = BAB66510288F5C5F007FABE8 /* Assets.xcassets */; };
		BAC0684C288F65ED00B9DC21 /* ColorManager.swift in Sources */ = {isa = PBXBuildFile; fileRef = BAC0684B288F65ED00B9DC21 /* ColorManager.swift */; };
		BAC0684D288F65ED00B9DC21 /* ColorManager.swift in Sources */ = {isa = PBXBuildFile; fileRef = BAC0684B288F65ED00B9DC21 /* ColorManager.swift */; };
		BAC0684F288F672D00B9DC21 /* Color.xcassets in Resources */ = {isa = PBXBuildFile; fileRef = BAC0684E288F672D00B9DC21 /* Color.xcassets */; };
		BAC06850288F672D00B9DC21 /* Color.xcassets in Resources */ = {isa = PBXBuildFile; fileRef = BAC0684E288F672D00B9DC21 /* Color.xcassets */; };
		BAC0685428900AE600B9DC21 /* HomeView.swift in Sources */ = {isa = PBXBuildFile; fileRef = BAC0685328900AE600B9DC21 /* HomeView.swift */; };
		BAC0685628900E9F00B9DC21 /* RoundedCorner.swift in Sources */ = {isa = PBXBuildFile; fileRef = BAC0685528900E9F00B9DC21 /* RoundedCorner.swift */; };
		BAC0685728900E9F00B9DC21 /* RoundedCorner.swift in Sources */ = {isa = PBXBuildFile; fileRef = BAC0685528900E9F00B9DC21 /* RoundedCorner.swift */; };
		BAC0685A28900EC400B9DC21 /* View+Extension.swift in Sources */ = {isa = PBXBuildFile; fileRef = BAC0685928900EC400B9DC21 /* View+Extension.swift */; };
		BAC0685B28900EC400B9DC21 /* View+Extension.swift in Sources */ = {isa = PBXBuildFile; fileRef = BAC0685928900EC400B9DC21 /* View+Extension.swift */; };
		BAC0685D28900F0C00B9DC21 /* ShapeManager.swift in Sources */ = {isa = PBXBuildFile; fileRef = BAC0685C28900F0C00B9DC21 /* ShapeManager.swift */; };
		BAC0685E28900F0C00B9DC21 /* ShapeManager.swift in Sources */ = {isa = PBXBuildFile; fileRef = BAC0685C28900F0C00B9DC21 /* ShapeManager.swift */; };
		BAC068602890171200B9DC21 /* SearchBar.swift in Sources */ = {isa = PBXBuildFile; fileRef = BAC0685F2890171200B9DC21 /* SearchBar.swift */; };
		BAC068612890171200B9DC21 /* SearchBar.swift in Sources */ = {isa = PBXBuildFile; fileRef = BAC0685F2890171200B9DC21 /* SearchBar.swift */; };
		BAC06863289019A800B9DC21 /* UIApplication+Extension.swift in Sources */ = {isa = PBXBuildFile; fileRef = BAC06862289019A700B9DC21 /* UIApplication+Extension.swift */; };
		BAC06864289019A800B9DC21 /* UIApplication+Extension.swift in Sources */ = {isa = PBXBuildFile; fileRef = BAC06862289019A700B9DC21 /* UIApplication+Extension.swift */; };
		BAC068672890A12C00B9DC21 /* FilterType.swift in Sources */ = {isa = PBXBuildFile; fileRef = BAC068662890A12C00B9DC21 /* FilterType.swift */; };
		BAC068682890A12C00B9DC21 /* FilterType.swift in Sources */ = {isa = PBXBuildFile; fileRef = BAC068662890A12C00B9DC21 /* FilterType.swift */; };
		BAC0686A2890A2C300B9DC21 /* SegmentedPicker.swift in Sources */ = {isa = PBXBuildFile; fileRef = BAC068692890A2C300B9DC21 /* SegmentedPicker.swift */; };
		BAC0686B2890A2C300B9DC21 /* SegmentedPicker.swift in Sources */ = {isa = PBXBuildFile; fileRef = BAC068692890A2C300B9DC21 /* SegmentedPicker.swift */; };
		BAC0686D28916CD100B9DC21 /* Donut.swift in Sources */ = {isa = PBXBuildFile; fileRef = BAC0686C28916CD100B9DC21 /* Donut.swift */; };
		BAC0686E28916CD100B9DC21 /* Donut.swift in Sources */ = {isa = PBXBuildFile; fileRef = BAC0686C28916CD100B9DC21 /* Donut.swift */; };
		BAC068702892B3A000B9DC21 /* HomeViewModel.swift in Sources */ = {isa = PBXBuildFile; fileRef = BAC0686F2892B3A000B9DC21 /* HomeViewModel.swift */; };
		BAC068712892B3A000B9DC21 /* HomeViewModel.swift in Sources */ = {isa = PBXBuildFile; fileRef = BAC0686F2892B3A000B9DC21 /* HomeViewModel.swift */; };
		BAC068732892BA5A00B9DC21 /* DonutDetailView.swift in Sources */ = {isa = PBXBuildFile; fileRef = BAC068722892BA5A00B9DC21 /* DonutDetailView.swift */; };
		BAC068742892BA5A00B9DC21 /* DonutDetailView.swift in Sources */ = {isa = PBXBuildFile; fileRef = BAC068722892BA5A00B9DC21 /* DonutDetailView.swift */; };
		BAC06877289404E300B9DC21 /* AdditionalInfoEntry.swift in Sources */ = {isa = PBXBuildFile; fileRef = BAC06876289404E300B9DC21 /* AdditionalInfoEntry.swift */; };
		BAC06878289404E300B9DC21 /* AdditionalInfoEntry.swift in Sources */ = {isa = PBXBuildFile; fileRef = BAC06876289404E300B9DC21 /* AdditionalInfoEntry.swift */; };
		BAC0687A289408C700B9DC21 /* ImageManager.swift in Sources */ = {isa = PBXBuildFile; fileRef = BAC06879289408C700B9DC21 /* ImageManager.swift */; };
		BAC0687B289408C800B9DC21 /* ImageManager.swift in Sources */ = {isa = PBXBuildFile; fileRef = BAC06879289408C700B9DC21 /* ImageManager.swift */; };
		BAC0687D2897FE4800B9DC21 /* Ingredient.swift in Sources */ = {isa = PBXBuildFile; fileRef = BAC0687C2897FE4800B9DC21 /* Ingredient.swift */; };
		BAC0687E2897FE4800B9DC21 /* Ingredient.swift in Sources */ = {isa = PBXBuildFile; fileRef = BAC0687C2897FE4800B9DC21 /* Ingredient.swift */; };
/* End PBXBuildFile section */

/* Begin PBXContainerItemProxy section */
		BAB66523288F5C5F007FABE8 /* PBXContainerItemProxy */ = {
			isa = PBXContainerItemProxy;
			containerPortal = BAB66509288F5C56007FABE8 /* Project object */;
			proxyType = 1;
			remoteGlobalIDString = BAB66514288F5C5F007FABE8;
			remoteInfo = "DonutTemplate (iOS)";
		};
		BAB6652F288F5C5F007FABE8 /* PBXContainerItemProxy */ = {
			isa = PBXContainerItemProxy;
			containerPortal = BAB66509288F5C56007FABE8 /* Project object */;
			proxyType = 1;
			remoteGlobalIDString = BAB6651A288F5C5F007FABE8;
			remoteInfo = "DonutTemplate (macOS)";
		};
/* End PBXContainerItemProxy section */

/* Begin PBXFileReference section */
		BA0B98662899551400EFFF94 /* AccentButton.swift */ = {isa = PBXFileReference; lastKnownFileType = sourcecode.swift; path = AccentButton.swift; sourceTree = "<group>"; };
		BA0B98692899EEDB00EFFF94 /* PaddingManager.swift */ = {isa = PBXFileReference; lastKnownFileType = sourcecode.swift; path = PaddingManager.swift; sourceTree = "<group>"; };
		BA0B986C289BF58500EFFF94 /* CartView.swift */ = {isa = PBXFileReference; lastKnownFileType = sourcecode.swift; path = CartView.swift; sourceTree = "<group>"; };
		BA105C0E28B7A22D00999B4A /* MainView.swift */ = {isa = PBXFileReference; lastKnownFileType = sourcecode.swift; path = MainView.swift; sourceTree = "<group>"; };
		BA105C1128B7A36F00999B4A /* Router.swift */ = {isa = PBXFileReference; lastKnownFileType = sourcecode.swift; path = Router.swift; sourceTree = "<group>"; };
		BA163C5528B3B2CA00BCE98F /* CartViewModel.swift */ = {isa = PBXFileReference; lastKnownFileType = sourcecode.swift; path = CartViewModel.swift; sourceTree = "<group>"; };
		BA163C5828B4F97F00BCE98F /* CustomDivider.swift */ = {isa = PBXFileReference; lastKnownFileType = sourcecode.swift; path = CustomDivider.swift; sourceTree = "<group>"; };
		BA163C5E28B64BE100BCE98F /* CustomNavigationBar.swift */ = {isa = PBXFileReference; lastKnownFileType = sourcecode.swift; path = CustomNavigationBar.swift; sourceTree = "<group>"; };
		BA163C6128B7988200BCE98F /* RoundButton.swift */ = {isa = PBXFileReference; lastKnownFileType = sourcecode.swift; path = RoundButton.swift; sourceTree = "<group>"; };
		BA9D32AF28C0D97700754BBA /* ContainerWithPinnedBottomView.swift */ = {isa = PBXFileReference; lastKnownFileType = sourcecode.swift; path = ContainerWithPinnedBottomView.swift; sourceTree = "<group>"; };
		BAB6650E288F5C56007FABE8 /* DonutTemplateApp.swift */ = {isa = PBXFileReference; lastKnownFileType = sourcecode.swift; path = DonutTemplateApp.swift; sourceTree = "<group>"; };
		BAB66510288F5C5F007FABE8 /* Assets.xcassets */ = {isa = PBXFileReference; lastKnownFileType = folder.assetcatalog; path = Assets.xcassets; sourceTree = "<group>"; };
		BAB66515288F5C5F007FABE8 /* DonutTemplate.app */ = {isa = PBXFileReference; explicitFileType = wrapper.application; includeInIndex = 0; path = DonutTemplate.app; sourceTree = BUILT_PRODUCTS_DIR; };
		BAB6651B288F5C5F007FABE8 /* DonutTemplate.app */ = {isa = PBXFileReference; explicitFileType = wrapper.application; includeInIndex = 0; path = DonutTemplate.app; sourceTree = BUILT_PRODUCTS_DIR; };
		BAB6651D288F5C5F007FABE8 /* macOS.entitlements */ = {isa = PBXFileReference; lastKnownFileType = text.plist.entitlements; path = macOS.entitlements; sourceTree = "<group>"; };
		BAB66522288F5C5F007FABE8 /* Tests iOS.xctest */ = {isa = PBXFileReference; explicitFileType = wrapper.cfbundle; includeInIndex = 0; path = "Tests iOS.xctest"; sourceTree = BUILT_PRODUCTS_DIR; };
		BAB66526288F5C5F007FABE8 /* Tests_iOS.swift */ = {isa = PBXFileReference; lastKnownFileType = sourcecode.swift; path = Tests_iOS.swift; sourceTree = "<group>"; };
		BAB66528288F5C5F007FABE8 /* Tests_iOSLaunchTests.swift */ = {isa = PBXFileReference; lastKnownFileType = sourcecode.swift; path = Tests_iOSLaunchTests.swift; sourceTree = "<group>"; };
		BAB6652E288F5C5F007FABE8 /* Tests macOS.xctest */ = {isa = PBXFileReference; explicitFileType = wrapper.cfbundle; includeInIndex = 0; path = "Tests macOS.xctest"; sourceTree = BUILT_PRODUCTS_DIR; };
		BAB66532288F5C5F007FABE8 /* Tests_macOS.swift */ = {isa = PBXFileReference; lastKnownFileType = sourcecode.swift; path = Tests_macOS.swift; sourceTree = "<group>"; };
		BAB66534288F5C5F007FABE8 /* Tests_macOSLaunchTests.swift */ = {isa = PBXFileReference; lastKnownFileType = sourcecode.swift; path = Tests_macOSLaunchTests.swift; sourceTree = "<group>"; };
		BAC0684B288F65ED00B9DC21 /* ColorManager.swift */ = {isa = PBXFileReference; lastKnownFileType = sourcecode.swift; path = ColorManager.swift; sourceTree = "<group>"; };
		BAC0684E288F672D00B9DC21 /* Color.xcassets */ = {isa = PBXFileReference; lastKnownFileType = folder.assetcatalog; path = Color.xcassets; sourceTree = "<group>"; };
		BAC0685328900AE600B9DC21 /* HomeView.swift */ = {isa = PBXFileReference; lastKnownFileType = sourcecode.swift; path = HomeView.swift; sourceTree = "<group>"; };
		BAC0685528900E9F00B9DC21 /* RoundedCorner.swift */ = {isa = PBXFileReference; lastKnownFileType = sourcecode.swift; path = RoundedCorner.swift; sourceTree = "<group>"; };
		BAC0685928900EC400B9DC21 /* View+Extension.swift */ = {isa = PBXFileReference; lastKnownFileType = sourcecode.swift; path = "View+Extension.swift"; sourceTree = "<group>"; };
		BAC0685C28900F0C00B9DC21 /* ShapeManager.swift */ = {isa = PBXFileReference; lastKnownFileType = sourcecode.swift; path = ShapeManager.swift; sourceTree = "<group>"; };
		BAC0685F2890171200B9DC21 /* SearchBar.swift */ = {isa = PBXFileReference; lastKnownFileType = sourcecode.swift; path = SearchBar.swift; sourceTree = "<group>"; };
		BAC06862289019A700B9DC21 /* UIApplication+Extension.swift */ = {isa = PBXFileReference; lastKnownFileType = sourcecode.swift; path = "UIApplication+Extension.swift"; sourceTree = "<group>"; };
		BAC068662890A12C00B9DC21 /* FilterType.swift */ = {isa = PBXFileReference; lastKnownFileType = sourcecode.swift; path = FilterType.swift; sourceTree = "<group>"; };
		BAC068692890A2C300B9DC21 /* SegmentedPicker.swift */ = {isa = PBXFileReference; lastKnownFileType = sourcecode.swift; path = SegmentedPicker.swift; sourceTree = "<group>"; };
		BAC0686C28916CD100B9DC21 /* Donut.swift */ = {isa = PBXFileReference; lastKnownFileType = sourcecode.swift; path = Donut.swift; sourceTree = "<group>"; };
		BAC0686F2892B3A000B9DC21 /* HomeViewModel.swift */ = {isa = PBXFileReference; lastKnownFileType = sourcecode.swift; path = HomeViewModel.swift; sourceTree = "<group>"; };
		BAC068722892BA5A00B9DC21 /* DonutDetailView.swift */ = {isa = PBXFileReference; lastKnownFileType = sourcecode.swift; path = DonutDetailView.swift; sourceTree = "<group>"; };
		BAC06876289404E300B9DC21 /* AdditionalInfoEntry.swift */ = {isa = PBXFileReference; lastKnownFileType = sourcecode.swift; path = AdditionalInfoEntry.swift; sourceTree = "<group>"; };
		BAC06879289408C700B9DC21 /* ImageManager.swift */ = {isa = PBXFileReference; lastKnownFileType = sourcecode.swift; path = ImageManager.swift; sourceTree = "<group>"; };
		BAC0687C2897FE4800B9DC21 /* Ingredient.swift */ = {isa = PBXFileReference; lastKnownFileType = sourcecode.swift; path = Ingredient.swift; sourceTree = "<group>"; };
/* End PBXFileReference section */

/* Begin PBXFrameworksBuildPhase section */
		BAB66512288F5C5F007FABE8 /* Frameworks */ = {
			isa = PBXFrameworksBuildPhase;
			buildActionMask = 2147483647;
			files = (
				BA105C0D28B7A1CF00999B4A /* NavigationStack in Frameworks */,
			);
			runOnlyForDeploymentPostprocessing = 0;
		};
		BAB66518288F5C5F007FABE8 /* Frameworks */ = {
			isa = PBXFrameworksBuildPhase;
			buildActionMask = 2147483647;
			files = (
			);
			runOnlyForDeploymentPostprocessing = 0;
		};
		BAB6651F288F5C5F007FABE8 /* Frameworks */ = {
			isa = PBXFrameworksBuildPhase;
			buildActionMask = 2147483647;
			files = (
			);
			runOnlyForDeploymentPostprocessing = 0;
		};
		BAB6652B288F5C5F007FABE8 /* Frameworks */ = {
			isa = PBXFrameworksBuildPhase;
			buildActionMask = 2147483647;
			files = (
			);
			runOnlyForDeploymentPostprocessing = 0;
		};
/* End PBXFrameworksBuildPhase section */

/* Begin PBXGroup section */
		BA105C1028B7A36400999B4A /* Navigation */ = {
			isa = PBXGroup;
			children = (
				BA105C1128B7A36F00999B4A /* Router.swift */,
			);
			path = Navigation;
			sourceTree = "<group>";
		};
		BAB66508288F5C56007FABE8 = {
			isa = PBXGroup;
			children = (
				BAB6650D288F5C56007FABE8 /* Shared */,
				BAB6651C288F5C5F007FABE8 /* macOS */,
				BAB66525288F5C5F007FABE8 /* Tests iOS */,
				BAB66531288F5C5F007FABE8 /* Tests macOS */,
				BAB66516288F5C5F007FABE8 /* Products */,
			);
			sourceTree = "<group>";
		};
		BAB6650D288F5C56007FABE8 /* Shared */ = {
			isa = PBXGroup;
			children = (
				BA105C1028B7A36400999B4A /* Navigation */,
				BAC068752892BAB000B9DC21 /* ViewModel */,
				BAC0686528909F6500B9DC21 /* Model */,
				BAC0685828900EB100B9DC21 /* Extension */,
				BAC0685228900AC100B9DC21 /* Component */,
				BAC0685128900AB100B9DC21 /* View */,
				BAC0684A288F659500B9DC21 /* Resource */,
				BAB6650E288F5C56007FABE8 /* DonutTemplateApp.swift */,
			);
			path = Shared;
			sourceTree = "<group>";
		};
		BAB66516288F5C5F007FABE8 /* Products */ = {
			isa = PBXGroup;
			children = (
				BAB66515288F5C5F007FABE8 /* DonutTemplate.app */,
				BAB6651B288F5C5F007FABE8 /* DonutTemplate.app */,
				BAB66522288F5C5F007FABE8 /* Tests iOS.xctest */,
				BAB6652E288F5C5F007FABE8 /* Tests macOS.xctest */,
			);
			name = Products;
			sourceTree = "<group>";
		};
		BAB6651C288F5C5F007FABE8 /* macOS */ = {
			isa = PBXGroup;
			children = (
				BAB6651D288F5C5F007FABE8 /* macOS.entitlements */,
			);
			path = macOS;
			sourceTree = "<group>";
		};
		BAB66525288F5C5F007FABE8 /* Tests iOS */ = {
			isa = PBXGroup;
			children = (
				BAB66526288F5C5F007FABE8 /* Tests_iOS.swift */,
				BAB66528288F5C5F007FABE8 /* Tests_iOSLaunchTests.swift */,
			);
			path = "Tests iOS";
			sourceTree = "<group>";
		};
		BAB66531288F5C5F007FABE8 /* Tests macOS */ = {
			isa = PBXGroup;
			children = (
				BAB66532288F5C5F007FABE8 /* Tests_macOS.swift */,
				BAB66534288F5C5F007FABE8 /* Tests_macOSLaunchTests.swift */,
			);
			path = "Tests macOS";
			sourceTree = "<group>";
		};
		BAC0684A288F659500B9DC21 /* Resource */ = {
			isa = PBXGroup;
			children = (
				BAC0684B288F65ED00B9DC21 /* ColorManager.swift */,
				BAB66510288F5C5F007FABE8 /* Assets.xcassets */,
				BAC0684E288F672D00B9DC21 /* Color.xcassets */,
				BAC0685C28900F0C00B9DC21 /* ShapeManager.swift */,
				BAC06879289408C700B9DC21 /* ImageManager.swift */,
				BA0B98692899EEDB00EFFF94 /* PaddingManager.swift */,
			);
			path = Resource;
			sourceTree = "<group>";
		};
		BAC0685128900AB100B9DC21 /* View */ = {
			isa = PBXGroup;
			children = (
				BAC0685328900AE600B9DC21 /* HomeView.swift */,
				BAC068722892BA5A00B9DC21 /* DonutDetailView.swift */,
				BA0B986C289BF58500EFFF94 /* CartView.swift */,
				BA105C0E28B7A22D00999B4A /* MainView.swift */,
			);
			path = View;
			sourceTree = "<group>";
		};
		BAC0685228900AC100B9DC21 /* Component */ = {
			isa = PBXGroup;
			children = (
				BAC0685528900E9F00B9DC21 /* RoundedCorner.swift */,
				BAC0685F2890171200B9DC21 /* SearchBar.swift */,
				BAC068692890A2C300B9DC21 /* SegmentedPicker.swift */,
				BA0B98662899551400EFFF94 /* AccentButton.swift */,
				BA163C5828B4F97F00BCE98F /* CustomDivider.swift */,
				BA163C5E28B64BE100BCE98F /* CustomNavigationBar.swift */,
				BA163C6128B7988200BCE98F /* RoundButton.swift */,
				BA9D32AF28C0D97700754BBA /* ContainerWithPinnedBottomView.swift */,
			);
			path = Component;
			sourceTree = "<group>";
		};
		BAC0685828900EB100B9DC21 /* Extension */ = {
			isa = PBXGroup;
			children = (
				BAC0685928900EC400B9DC21 /* View+Extension.swift */,
				BAC06862289019A700B9DC21 /* UIApplication+Extension.swift */,
			);
			path = Extension;
			sourceTree = "<group>";
		};
		BAC0686528909F6500B9DC21 /* Model */ = {
			isa = PBXGroup;
			children = (
				BAC068662890A12C00B9DC21 /* FilterType.swift */,
				BAC0686C28916CD100B9DC21 /* Donut.swift */,
				BAC06876289404E300B9DC21 /* AdditionalInfoEntry.swift */,
				BAC0687C2897FE4800B9DC21 /* Ingredient.swift */,
			);
			path = Model;
			sourceTree = "<group>";
		};
		BAC068752892BAB000B9DC21 /* ViewModel */ = {
			isa = PBXGroup;
			children = (
				BAC0686F2892B3A000B9DC21 /* HomeViewModel.swift */,
				BA163C5528B3B2CA00BCE98F /* CartViewModel.swift */,
			);
			path = ViewModel;
			sourceTree = "<group>";
		};
/* End PBXGroup section */

/* Begin PBXNativeTarget section */
		BAB66514288F5C5F007FABE8 /* DonutTemplate (iOS) */ = {
			isa = PBXNativeTarget;
			buildConfigurationList = BAB6653E288F5C5F007FABE8 /* Build configuration list for PBXNativeTarget "DonutTemplate (iOS)" */;
			buildPhases = (
				BAB66511288F5C5F007FABE8 /* Sources */,
				BAB66512288F5C5F007FABE8 /* Frameworks */,
				BAB66513288F5C5F007FABE8 /* Resources */,
			);
			buildRules = (
			);
			dependencies = (
			);
			name = "DonutTemplate (iOS)";
			packageProductDependencies = (
				BA105C0C28B7A1CF00999B4A /* NavigationStack */,
			);
			productName = "DonutTemplate (iOS)";
			productReference = BAB66515288F5C5F007FABE8 /* DonutTemplate.app */;
			productType = "com.apple.product-type.application";
		};
		BAB6651A288F5C5F007FABE8 /* DonutTemplate (macOS) */ = {
			isa = PBXNativeTarget;
			buildConfigurationList = BAB66541288F5C5F007FABE8 /* Build configuration list for PBXNativeTarget "DonutTemplate (macOS)" */;
			buildPhases = (
				BAB66517288F5C5F007FABE8 /* Sources */,
				BAB66518288F5C5F007FABE8 /* Frameworks */,
				BAB66519288F5C5F007FABE8 /* Resources */,
			);
			buildRules = (
			);
			dependencies = (
			);
			name = "DonutTemplate (macOS)";
			productName = "DonutTemplate (macOS)";
			productReference = BAB6651B288F5C5F007FABE8 /* DonutTemplate.app */;
			productType = "com.apple.product-type.application";
		};
		BAB66521288F5C5F007FABE8 /* Tests iOS */ = {
			isa = PBXNativeTarget;
			buildConfigurationList = BAB66544288F5C5F007FABE8 /* Build configuration list for PBXNativeTarget "Tests iOS" */;
			buildPhases = (
				BAB6651E288F5C5F007FABE8 /* Sources */,
				BAB6651F288F5C5F007FABE8 /* Frameworks */,
				BAB66520288F5C5F007FABE8 /* Resources */,
			);
			buildRules = (
			);
			dependencies = (
				BAB66524288F5C5F007FABE8 /* PBXTargetDependency */,
			);
			name = "Tests iOS";
			productName = "Tests iOS";
			productReference = BAB66522288F5C5F007FABE8 /* Tests iOS.xctest */;
			productType = "com.apple.product-type.bundle.ui-testing";
		};
		BAB6652D288F5C5F007FABE8 /* Tests macOS */ = {
			isa = PBXNativeTarget;
			buildConfigurationList = BAB66547288F5C5F007FABE8 /* Build configuration list for PBXNativeTarget "Tests macOS" */;
			buildPhases = (
				BAB6652A288F5C5F007FABE8 /* Sources */,
				BAB6652B288F5C5F007FABE8 /* Frameworks */,
				BAB6652C288F5C5F007FABE8 /* Resources */,
			);
			buildRules = (
			);
			dependencies = (
				BAB66530288F5C5F007FABE8 /* PBXTargetDependency */,
			);
			name = "Tests macOS";
			productName = "Tests macOS";
			productReference = BAB6652E288F5C5F007FABE8 /* Tests macOS.xctest */;
			productType = "com.apple.product-type.bundle.ui-testing";
		};
/* End PBXNativeTarget section */

/* Begin PBXProject section */
		BAB66509288F5C56007FABE8 /* Project object */ = {
			isa = PBXProject;
			attributes = {
				BuildIndependentTargetsInParallel = 1;
				LastSwiftUpdateCheck = 1340;
				LastUpgradeCheck = 1340;
				TargetAttributes = {
					BAB66514288F5C5F007FABE8 = {
						CreatedOnToolsVersion = 13.4;
					};
					BAB6651A288F5C5F007FABE8 = {
						CreatedOnToolsVersion = 13.4;
					};
					BAB66521288F5C5F007FABE8 = {
						CreatedOnToolsVersion = 13.4;
						TestTargetID = BAB66514288F5C5F007FABE8;
					};
					BAB6652D288F5C5F007FABE8 = {
						CreatedOnToolsVersion = 13.4;
						TestTargetID = BAB6651A288F5C5F007FABE8;
					};
				};
			};
			buildConfigurationList = BAB6650C288F5C56007FABE8 /* Build configuration list for PBXProject "DonutTemplate" */;
			compatibilityVersion = "Xcode 13.0";
			developmentRegion = en;
			hasScannedForEncodings = 0;
			knownRegions = (
				en,
				Base,
			);
			mainGroup = BAB66508288F5C56007FABE8;
			packageReferences = (
				BA105C0B28B7A1CF00999B4A /* XCRemoteSwiftPackageReference "swiftui-navigation-stack" */,
			);
			productRefGroup = BAB66516288F5C5F007FABE8 /* Products */;
			projectDirPath = "";
			projectRoot = "";
			targets = (
				BAB66514288F5C5F007FABE8 /* DonutTemplate (iOS) */,
				BAB6651A288F5C5F007FABE8 /* DonutTemplate (macOS) */,
				BAB66521288F5C5F007FABE8 /* Tests iOS */,
				BAB6652D288F5C5F007FABE8 /* Tests macOS */,
			);
		};
/* End PBXProject section */

/* Begin PBXResourcesBuildPhase section */
		BAB66513288F5C5F007FABE8 /* Resources */ = {
			isa = PBXResourcesBuildPhase;
			buildActionMask = 2147483647;
			files = (
				BAB6653A288F5C5F007FABE8 /* Assets.xcassets in Resources */,
				BAC0684F288F672D00B9DC21 /* Color.xcassets in Resources */,
			);
			runOnlyForDeploymentPostprocessing = 0;
		};
		BAB66519288F5C5F007FABE8 /* Resources */ = {
			isa = PBXResourcesBuildPhase;
			buildActionMask = 2147483647;
			files = (
				BAB6653B288F5C5F007FABE8 /* Assets.xcassets in Resources */,
				BAC06850288F672D00B9DC21 /* Color.xcassets in Resources */,
			);
			runOnlyForDeploymentPostprocessing = 0;
		};
		BAB66520288F5C5F007FABE8 /* Resources */ = {
			isa = PBXResourcesBuildPhase;
			buildActionMask = 2147483647;
			files = (
			);
			runOnlyForDeploymentPostprocessing = 0;
		};
		BAB6652C288F5C5F007FABE8 /* Resources */ = {
			isa = PBXResourcesBuildPhase;
			buildActionMask = 2147483647;
			files = (
			);
			runOnlyForDeploymentPostprocessing = 0;
		};
/* End PBXResourcesBuildPhase section */

/* Begin PBXSourcesBuildPhase section */
		BAB66511288F5C5F007FABE8 /* Sources */ = {
			isa = PBXSourcesBuildPhase;
			buildActionMask = 2147483647;
			files = (
				BA163C5F28B64BE100BCE98F /* CustomNavigationBar.swift in Sources */,
				BA105C0F28B7A22D00999B4A /* MainView.swift in Sources */,
				BA105C1228B7A36F00999B4A /* Router.swift in Sources */,
				BAC068602890171200B9DC21 /* SearchBar.swift in Sources */,
				BAC068732892BA5A00B9DC21 /* DonutDetailView.swift in Sources */,
				BAC0685628900E9F00B9DC21 /* RoundedCorner.swift in Sources */,
				BAC06863289019A800B9DC21 /* UIApplication+Extension.swift in Sources */,
				BAC0687D2897FE4800B9DC21 /* Ingredient.swift in Sources */,
				BAC0686D28916CD100B9DC21 /* Donut.swift in Sources */,
				BAC0684C288F65ED00B9DC21 /* ColorManager.swift in Sources */,
				BA0B986A2899EEDB00EFFF94 /* PaddingManager.swift in Sources */,
				BA0B98672899551400EFFF94 /* AccentButton.swift in Sources */,
				BAC0687A289408C700B9DC21 /* ImageManager.swift in Sources */,
				BAC06877289404E300B9DC21 /* AdditionalInfoEntry.swift in Sources */,
				BAC0686A2890A2C300B9DC21 /* SegmentedPicker.swift in Sources */,
				BAC0685A28900EC400B9DC21 /* View+Extension.swift in Sources */,
				BAC068702892B3A000B9DC21 /* HomeViewModel.swift in Sources */,
				BA9D32B028C0D97700754BBA /* ContainerWithPinnedBottomView.swift in Sources */,
				BAC0685D28900F0C00B9DC21 /* ShapeManager.swift in Sources */,
				BAC0685428900AE600B9DC21 /* HomeView.swift in Sources */,
				BA163C6228B7988200BCE98F /* RoundButton.swift in Sources */,
				BA163C5628B3B2CA00BCE98F /* CartViewModel.swift in Sources */,
				BAB66536288F5C5F007FABE8 /* DonutTemplateApp.swift in Sources */,
				BA0B986D289BF58500EFFF94 /* CartView.swift in Sources */,
				BAC068672890A12C00B9DC21 /* FilterType.swift in Sources */,
				BA163C5928B4F97F00BCE98F /* CustomDivider.swift in Sources */,
			);
			runOnlyForDeploymentPostprocessing = 0;
		};
		BAB66517288F5C5F007FABE8 /* Sources */ = {
			isa = PBXSourcesBuildPhase;
			buildActionMask = 2147483647;
			files = (
				BA163C5A28B4F97F00BCE98F /* CustomDivider.swift in Sources */,
				BA0B986B2899EEDB00EFFF94 /* PaddingManager.swift in Sources */,
				BAC0685E28900F0C00B9DC21 /* ShapeManager.swift in Sources */,
				BAC068712892B3A000B9DC21 /* HomeViewModel.swift in Sources */,
				BA163C6028B64BE100BCE98F /* CustomNavigationBar.swift in Sources */,
				BAC0687E2897FE4800B9DC21 /* Ingredient.swift in Sources */,
				BAC0685728900E9F00B9DC21 /* RoundedCorner.swift in Sources */,
				BAC0686E28916CD100B9DC21 /* Donut.swift in Sources */,
				BA163C5728B3B2CA00BCE98F /* CartViewModel.swift in Sources */,
				BA163C6328B7988200BCE98F /* RoundButton.swift in Sources */,
				BAC068742892BA5A00B9DC21 /* DonutDetailView.swift in Sources */,
				BAC0684D288F65ED00B9DC21 /* ColorManager.swift in Sources */,
				BA0B98682899551400EFFF94 /* AccentButton.swift in Sources */,
				BAC0686B2890A2C300B9DC21 /* SegmentedPicker.swift in Sources */,
				BAC06878289404E300B9DC21 /* AdditionalInfoEntry.swift in Sources */,
				BAC068682890A12C00B9DC21 /* FilterType.swift in Sources */,
				BAC0687B289408C800B9DC21 /* ImageManager.swift in Sources */,
				BAC0685B28900EC400B9DC21 /* View+Extension.swift in Sources */,
				BAB66537288F5C5F007FABE8 /* DonutTemplateApp.swift in Sources */,
				BAC068612890171200B9DC21 /* SearchBar.swift in Sources */,
				BAC06864289019A800B9DC21 /* UIApplication+Extension.swift in Sources */,
				BA9D32B128C0D97700754BBA /* ContainerWithPinnedBottomView.swift in Sources */,
			);
			runOnlyForDeploymentPostprocessing = 0;
		};
		BAB6651E288F5C5F007FABE8 /* Sources */ = {
			isa = PBXSourcesBuildPhase;
			buildActionMask = 2147483647;
			files = (
				BAB66529288F5C5F007FABE8 /* Tests_iOSLaunchTests.swift in Sources */,
				BAB66527288F5C5F007FABE8 /* Tests_iOS.swift in Sources */,
			);
			runOnlyForDeploymentPostprocessing = 0;
		};
		BAB6652A288F5C5F007FABE8 /* Sources */ = {
			isa = PBXSourcesBuildPhase;
			buildActionMask = 2147483647;
			files = (
				BAB66535288F5C5F007FABE8 /* Tests_macOSLaunchTests.swift in Sources */,
				BAB66533288F5C5F007FABE8 /* Tests_macOS.swift in Sources */,
			);
			runOnlyForDeploymentPostprocessing = 0;
		};
/* End PBXSourcesBuildPhase section */

/* Begin PBXTargetDependency section */
		BAB66524288F5C5F007FABE8 /* PBXTargetDependency */ = {
			isa = PBXTargetDependency;
			target = BAB66514288F5C5F007FABE8 /* DonutTemplate (iOS) */;
			targetProxy = BAB66523288F5C5F007FABE8 /* PBXContainerItemProxy */;
		};
		BAB66530288F5C5F007FABE8 /* PBXTargetDependency */ = {
			isa = PBXTargetDependency;
			target = BAB6651A288F5C5F007FABE8 /* DonutTemplate (macOS) */;
			targetProxy = BAB6652F288F5C5F007FABE8 /* PBXContainerItemProxy */;
		};
/* End PBXTargetDependency section */

/* Begin XCBuildConfiguration section */
		BAB6653C288F5C5F007FABE8 /* Debug */ = {
			isa = XCBuildConfiguration;
			buildSettings = {
				ALWAYS_SEARCH_USER_PATHS = NO;
				CLANG_ANALYZER_NONNULL = YES;
				CLANG_ANALYZER_NUMBER_OBJECT_CONVERSION = YES_AGGRESSIVE;
				CLANG_CXX_LANGUAGE_STANDARD = "gnu++17";
				CLANG_ENABLE_MODULES = YES;
				CLANG_ENABLE_OBJC_ARC = YES;
				CLANG_ENABLE_OBJC_WEAK = YES;
				CLANG_WARN_BLOCK_CAPTURE_AUTORELEASING = YES;
				CLANG_WARN_BOOL_CONVERSION = YES;
				CLANG_WARN_COMMA = YES;
				CLANG_WARN_CONSTANT_CONVERSION = YES;
				CLANG_WARN_DEPRECATED_OBJC_IMPLEMENTATIONS = YES;
				CLANG_WARN_DIRECT_OBJC_ISA_USAGE = YES_ERROR;
				CLANG_WARN_DOCUMENTATION_COMMENTS = YES;
				CLANG_WARN_EMPTY_BODY = YES;
				CLANG_WARN_ENUM_CONVERSION = YES;
				CLANG_WARN_INFINITE_RECURSION = YES;
				CLANG_WARN_INT_CONVERSION = YES;
				CLANG_WARN_NON_LITERAL_NULL_CONVERSION = YES;
				CLANG_WARN_OBJC_IMPLICIT_RETAIN_SELF = YES;
				CLANG_WARN_OBJC_LITERAL_CONVERSION = YES;
				CLANG_WARN_OBJC_ROOT_CLASS = YES_ERROR;
				CLANG_WARN_QUOTED_INCLUDE_IN_FRAMEWORK_HEADER = YES;
				CLANG_WARN_RANGE_LOOP_ANALYSIS = YES;
				CLANG_WARN_STRICT_PROTOTYPES = YES;
				CLANG_WARN_SUSPICIOUS_MOVE = YES;
				CLANG_WARN_UNGUARDED_AVAILABILITY = YES_AGGRESSIVE;
				CLANG_WARN_UNREACHABLE_CODE = YES;
				CLANG_WARN__DUPLICATE_METHOD_MATCH = YES;
				COPY_PHASE_STRIP = NO;
				DEBUG_INFORMATION_FORMAT = dwarf;
				ENABLE_STRICT_OBJC_MSGSEND = YES;
				ENABLE_TESTABILITY = YES;
				GCC_C_LANGUAGE_STANDARD = gnu11;
				GCC_DYNAMIC_NO_PIC = NO;
				GCC_NO_COMMON_BLOCKS = YES;
				GCC_OPTIMIZATION_LEVEL = 0;
				GCC_PREPROCESSOR_DEFINITIONS = (
					"DEBUG=1",
					"$(inherited)",
				);
				GCC_WARN_64_TO_32_BIT_CONVERSION = YES;
				GCC_WARN_ABOUT_RETURN_TYPE = YES_ERROR;
				GCC_WARN_UNDECLARED_SELECTOR = YES;
				GCC_WARN_UNINITIALIZED_AUTOS = YES_AGGRESSIVE;
				GCC_WARN_UNUSED_FUNCTION = YES;
				GCC_WARN_UNUSED_VARIABLE = YES;
				MTL_ENABLE_DEBUG_INFO = INCLUDE_SOURCE;
				MTL_FAST_MATH = YES;
				ONLY_ACTIVE_ARCH = YES;
				SWIFT_ACTIVE_COMPILATION_CONDITIONS = DEBUG;
				SWIFT_OPTIMIZATION_LEVEL = "-Onone";
			};
			name = Debug;
		};
		BAB6653D288F5C5F007FABE8 /* Release */ = {
			isa = XCBuildConfiguration;
			buildSettings = {
				ALWAYS_SEARCH_USER_PATHS = NO;
				CLANG_ANALYZER_NONNULL = YES;
				CLANG_ANALYZER_NUMBER_OBJECT_CONVERSION = YES_AGGRESSIVE;
				CLANG_CXX_LANGUAGE_STANDARD = "gnu++17";
				CLANG_ENABLE_MODULES = YES;
				CLANG_ENABLE_OBJC_ARC = YES;
				CLANG_ENABLE_OBJC_WEAK = YES;
				CLANG_WARN_BLOCK_CAPTURE_AUTORELEASING = YES;
				CLANG_WARN_BOOL_CONVERSION = YES;
				CLANG_WARN_COMMA = YES;
				CLANG_WARN_CONSTANT_CONVERSION = YES;
				CLANG_WARN_DEPRECATED_OBJC_IMPLEMENTATIONS = YES;
				CLANG_WARN_DIRECT_OBJC_ISA_USAGE = YES_ERROR;
				CLANG_WARN_DOCUMENTATION_COMMENTS = YES;
				CLANG_WARN_EMPTY_BODY = YES;
				CLANG_WARN_ENUM_CONVERSION = YES;
				CLANG_WARN_INFINITE_RECURSION = YES;
				CLANG_WARN_INT_CONVERSION = YES;
				CLANG_WARN_NON_LITERAL_NULL_CONVERSION = YES;
				CLANG_WARN_OBJC_IMPLICIT_RETAIN_SELF = YES;
				CLANG_WARN_OBJC_LITERAL_CONVERSION = YES;
				CLANG_WARN_OBJC_ROOT_CLASS = YES_ERROR;
				CLANG_WARN_QUOTED_INCLUDE_IN_FRAMEWORK_HEADER = YES;
				CLANG_WARN_RANGE_LOOP_ANALYSIS = YES;
				CLANG_WARN_STRICT_PROTOTYPES = YES;
				CLANG_WARN_SUSPICIOUS_MOVE = YES;
				CLANG_WARN_UNGUARDED_AVAILABILITY = YES_AGGRESSIVE;
				CLANG_WARN_UNREACHABLE_CODE = YES;
				CLANG_WARN__DUPLICATE_METHOD_MATCH = YES;
				COPY_PHASE_STRIP = NO;
				DEBUG_INFORMATION_FORMAT = "dwarf-with-dsym";
				ENABLE_NS_ASSERTIONS = NO;
				ENABLE_STRICT_OBJC_MSGSEND = YES;
				GCC_C_LANGUAGE_STANDARD = gnu11;
				GCC_NO_COMMON_BLOCKS = YES;
				GCC_WARN_64_TO_32_BIT_CONVERSION = YES;
				GCC_WARN_ABOUT_RETURN_TYPE = YES_ERROR;
				GCC_WARN_UNDECLARED_SELECTOR = YES;
				GCC_WARN_UNINITIALIZED_AUTOS = YES_AGGRESSIVE;
				GCC_WARN_UNUSED_FUNCTION = YES;
				GCC_WARN_UNUSED_VARIABLE = YES;
				MTL_ENABLE_DEBUG_INFO = NO;
				MTL_FAST_MATH = YES;
				SWIFT_COMPILATION_MODE = wholemodule;
				SWIFT_OPTIMIZATION_LEVEL = "-O";
			};
			name = Release;
		};
		BAB6653F288F5C5F007FABE8 /* Debug */ = {
			isa = XCBuildConfiguration;
			buildSettings = {
				ASSETCATALOG_COMPILER_APPICON_NAME = AppIcon;
				ASSETCATALOG_COMPILER_GLOBAL_ACCENT_COLOR_NAME = AccentColor;
				CODE_SIGN_STYLE = Automatic;
				CURRENT_PROJECT_VERSION = 1;
				DEVELOPMENT_TEAM = X2677N2DV7;
				ENABLE_PREVIEWS = YES;
				GENERATE_INFOPLIST_FILE = YES;
				INFOPLIST_KEY_UIApplicationSceneManifest_Generation = YES;
				INFOPLIST_KEY_UIApplicationSupportsIndirectInputEvents = YES;
				INFOPLIST_KEY_UILaunchScreen_Generation = YES;
				INFOPLIST_KEY_UISupportedInterfaceOrientations_iPad = "UIInterfaceOrientationPortrait UIInterfaceOrientationPortraitUpsideDown UIInterfaceOrientationLandscapeLeft UIInterfaceOrientationLandscapeRight";
				INFOPLIST_KEY_UISupportedInterfaceOrientations_iPhone = "UIInterfaceOrientationPortrait UIInterfaceOrientationLandscapeLeft UIInterfaceOrientationLandscapeRight";
				IPHONEOS_DEPLOYMENT_TARGET = 15.5;
				LD_RUNPATH_SEARCH_PATHS = (
					"$(inherited)",
					"@executable_path/Frameworks",
				);
				MARKETING_VERSION = 1.0;
				PRODUCT_BUNDLE_IDENTIFIER = com.poly.DonutTemplate;
				PRODUCT_NAME = DonutTemplate;
				SDKROOT = iphoneos;
				SWIFT_EMIT_LOC_STRINGS = YES;
				SWIFT_VERSION = 5.0;
				TARGETED_DEVICE_FAMILY = "1,2";
			};
			name = Debug;
		};
		BAB66540288F5C5F007FABE8 /* Release */ = {
			isa = XCBuildConfiguration;
			buildSettings = {
				ASSETCATALOG_COMPILER_APPICON_NAME = AppIcon;
				ASSETCATALOG_COMPILER_GLOBAL_ACCENT_COLOR_NAME = AccentColor;
				CODE_SIGN_STYLE = Automatic;
				CURRENT_PROJECT_VERSION = 1;
				DEVELOPMENT_TEAM = X2677N2DV7;
				ENABLE_PREVIEWS = YES;
				GENERATE_INFOPLIST_FILE = YES;
				INFOPLIST_KEY_UIApplicationSceneManifest_Generation = YES;
				INFOPLIST_KEY_UIApplicationSupportsIndirectInputEvents = YES;
				INFOPLIST_KEY_UILaunchScreen_Generation = YES;
				INFOPLIST_KEY_UISupportedInterfaceOrientations_iPad = "UIInterfaceOrientationPortrait UIInterfaceOrientationPortraitUpsideDown UIInterfaceOrientationLandscapeLeft UIInterfaceOrientationLandscapeRight";
				INFOPLIST_KEY_UISupportedInterfaceOrientations_iPhone = "UIInterfaceOrientationPortrait UIInterfaceOrientationLandscapeLeft UIInterfaceOrientationLandscapeRight";
				IPHONEOS_DEPLOYMENT_TARGET = 15.5;
				LD_RUNPATH_SEARCH_PATHS = (
					"$(inherited)",
					"@executable_path/Frameworks",
				);
				MARKETING_VERSION = 1.0;
				PRODUCT_BUNDLE_IDENTIFIER = com.poly.DonutTemplate;
				PRODUCT_NAME = DonutTemplate;
				SDKROOT = iphoneos;
				SWIFT_EMIT_LOC_STRINGS = YES;
				SWIFT_VERSION = 5.0;
				TARGETED_DEVICE_FAMILY = "1,2";
				VALIDATE_PRODUCT = YES;
			};
			name = Release;
		};
		BAB66542288F5C5F007FABE8 /* Debug */ = {
			isa = XCBuildConfiguration;
			buildSettings = {
				ASSETCATALOG_COMPILER_APPICON_NAME = AppIcon;
				ASSETCATALOG_COMPILER_GLOBAL_ACCENT_COLOR_NAME = AccentColor;
				CODE_SIGN_ENTITLEMENTS = macOS/macOS.entitlements;
				CODE_SIGN_STYLE = Automatic;
				COMBINE_HIDPI_IMAGES = YES;
				CURRENT_PROJECT_VERSION = 1;
				DEVELOPMENT_TEAM = X2677N2DV7;
				ENABLE_HARDENED_RUNTIME = YES;
				ENABLE_PREVIEWS = YES;
				GENERATE_INFOPLIST_FILE = YES;
				INFOPLIST_KEY_NSHumanReadableCopyright = "";
				LD_RUNPATH_SEARCH_PATHS = (
					"$(inherited)",
					"@executable_path/../Frameworks",
				);
				MACOSX_DEPLOYMENT_TARGET = 12.3;
				MARKETING_VERSION = 1.0;
				PRODUCT_BUNDLE_IDENTIFIER = com.poly.DonutTemplate;
				PRODUCT_NAME = DonutTemplate;
				SDKROOT = macosx;
				SWIFT_EMIT_LOC_STRINGS = YES;
				SWIFT_VERSION = 5.0;
			};
			name = Debug;
		};
		BAB66543288F5C5F007FABE8 /* Release */ = {
			isa = XCBuildConfiguration;
			buildSettings = {
				ASSETCATALOG_COMPILER_APPICON_NAME = AppIcon;
				ASSETCATALOG_COMPILER_GLOBAL_ACCENT_COLOR_NAME = AccentColor;
				CODE_SIGN_ENTITLEMENTS = macOS/macOS.entitlements;
				CODE_SIGN_STYLE = Automatic;
				COMBINE_HIDPI_IMAGES = YES;
				CURRENT_PROJECT_VERSION = 1;
				DEVELOPMENT_TEAM = X2677N2DV7;
				ENABLE_HARDENED_RUNTIME = YES;
				ENABLE_PREVIEWS = YES;
				GENERATE_INFOPLIST_FILE = YES;
				INFOPLIST_KEY_NSHumanReadableCopyright = "";
				LD_RUNPATH_SEARCH_PATHS = (
					"$(inherited)",
					"@executable_path/../Frameworks",
				);
				MACOSX_DEPLOYMENT_TARGET = 12.3;
				MARKETING_VERSION = 1.0;
				PRODUCT_BUNDLE_IDENTIFIER = com.poly.DonutTemplate;
				PRODUCT_NAME = DonutTemplate;
				SDKROOT = macosx;
				SWIFT_EMIT_LOC_STRINGS = YES;
				SWIFT_VERSION = 5.0;
			};
			name = Release;
		};
		BAB66545288F5C5F007FABE8 /* Debug */ = {
			isa = XCBuildConfiguration;
			buildSettings = {
				ALWAYS_EMBED_SWIFT_STANDARD_LIBRARIES = YES;
				CODE_SIGN_STYLE = Automatic;
				CURRENT_PROJECT_VERSION = 1;
				DEVELOPMENT_TEAM = X2677N2DV7;
				GENERATE_INFOPLIST_FILE = YES;
				IPHONEOS_DEPLOYMENT_TARGET = 15.5;
				MARKETING_VERSION = 1.0;
				PRODUCT_BUNDLE_IDENTIFIER = "com.poly.Tests-iOS";
				PRODUCT_NAME = "$(TARGET_NAME)";
				SDKROOT = iphoneos;
				SWIFT_EMIT_LOC_STRINGS = NO;
				SWIFT_VERSION = 5.0;
				TARGETED_DEVICE_FAMILY = "1,2";
				TEST_TARGET_NAME = "DonutTemplate (iOS)";
			};
			name = Debug;
		};
		BAB66546288F5C5F007FABE8 /* Release */ = {
			isa = XCBuildConfiguration;
			buildSettings = {
				ALWAYS_EMBED_SWIFT_STANDARD_LIBRARIES = YES;
				CODE_SIGN_STYLE = Automatic;
				CURRENT_PROJECT_VERSION = 1;
				DEVELOPMENT_TEAM = X2677N2DV7;
				GENERATE_INFOPLIST_FILE = YES;
				IPHONEOS_DEPLOYMENT_TARGET = 15.5;
				MARKETING_VERSION = 1.0;
				PRODUCT_BUNDLE_IDENTIFIER = "com.poly.Tests-iOS";
				PRODUCT_NAME = "$(TARGET_NAME)";
				SDKROOT = iphoneos;
				SWIFT_EMIT_LOC_STRINGS = NO;
				SWIFT_VERSION = 5.0;
				TARGETED_DEVICE_FAMILY = "1,2";
				TEST_TARGET_NAME = "DonutTemplate (iOS)";
				VALIDATE_PRODUCT = YES;
			};
			name = Release;
		};
		BAB66548288F5C5F007FABE8 /* Debug */ = {
			isa = XCBuildConfiguration;
			buildSettings = {
				ALWAYS_EMBED_SWIFT_STANDARD_LIBRARIES = YES;
				CODE_SIGN_STYLE = Automatic;
				CURRENT_PROJECT_VERSION = 1;
				DEVELOPMENT_TEAM = X2677N2DV7;
				GENERATE_INFOPLIST_FILE = YES;
				MACOSX_DEPLOYMENT_TARGET = 12.3;
				MARKETING_VERSION = 1.0;
				PRODUCT_BUNDLE_IDENTIFIER = "com.poly.Tests-macOS";
				PRODUCT_NAME = "$(TARGET_NAME)";
				SDKROOT = macosx;
				SWIFT_EMIT_LOC_STRINGS = NO;
				SWIFT_VERSION = 5.0;
				TEST_TARGET_NAME = "DonutTemplate (macOS)";
			};
			name = Debug;
		};
		BAB66549288F5C5F007FABE8 /* Release */ = {
			isa = XCBuildConfiguration;
			buildSettings = {
				ALWAYS_EMBED_SWIFT_STANDARD_LIBRARIES = YES;
				CODE_SIGN_STYLE = Automatic;
				CURRENT_PROJECT_VERSION = 1;
				DEVELOPMENT_TEAM = X2677N2DV7;
				GENERATE_INFOPLIST_FILE = YES;
				MACOSX_DEPLOYMENT_TARGET = 12.3;
				MARKETING_VERSION = 1.0;
				PRODUCT_BUNDLE_IDENTIFIER = "com.poly.Tests-macOS";
				PRODUCT_NAME = "$(TARGET_NAME)";
				SDKROOT = macosx;
				SWIFT_EMIT_LOC_STRINGS = NO;
				SWIFT_VERSION = 5.0;
				TEST_TARGET_NAME = "DonutTemplate (macOS)";
			};
			name = Release;
		};
/* End XCBuildConfiguration section */

/* Begin XCConfigurationList section */
		BAB6650C288F5C56007FABE8 /* Build configuration list for PBXProject "DonutTemplate" */ = {
			isa = XCConfigurationList;
			buildConfigurations = (
				BAB6653C288F5C5F007FABE8 /* Debug */,
				BAB6653D288F5C5F007FABE8 /* Release */,
			);
			defaultConfigurationIsVisible = 0;
			defaultConfigurationName = Release;
		};
		BAB6653E288F5C5F007FABE8 /* Build configuration list for PBXNativeTarget "DonutTemplate (iOS)" */ = {
			isa = XCConfigurationList;
			buildConfigurations = (
				BAB6653F288F5C5F007FABE8 /* Debug */,
				BAB66540288F5C5F007FABE8 /* Release */,
			);
			defaultConfigurationIsVisible = 0;
			defaultConfigurationName = Release;
		};
		BAB66541288F5C5F007FABE8 /* Build configuration list for PBXNativeTarget "DonutTemplate (macOS)" */ = {
			isa = XCConfigurationList;
			buildConfigurations = (
				BAB66542288F5C5F007FABE8 /* Debug */,
				BAB66543288F5C5F007FABE8 /* Release */,
			);
			defaultConfigurationIsVisible = 0;
			defaultConfigurationName = Release;
		};
		BAB66544288F5C5F007FABE8 /* Build configuration list for PBXNativeTarget "Tests iOS" */ = {
			isa = XCConfigurationList;
			buildConfigurations = (
				BAB66545288F5C5F007FABE8 /* Debug */,
				BAB66546288F5C5F007FABE8 /* Release */,
			);
			defaultConfigurationIsVisible = 0;
			defaultConfigurationName = Release;
		};
		BAB66547288F5C5F007FABE8 /* Build configuration list for PBXNativeTarget "Tests macOS" */ = {
			isa = XCConfigurationList;
			buildConfigurations = (
				BAB66548288F5C5F007FABE8 /* Debug */,
				BAB66549288F5C5F007FABE8 /* Release */,
			);
			defaultConfigurationIsVisible = 0;
			defaultConfigurationName = Release;
		};
/* End XCConfigurationList section */

/* Begin XCRemoteSwiftPackageReference section */
		BA105C0B28B7A1CF00999B4A /* XCRemoteSwiftPackageReference "swiftui-navigation-stack" */ = {
			isa = XCRemoteSwiftPackageReference;
			repositoryURL = "https://github.com/matteopuc/swiftui-navigation-stack";
			requirement = {
				kind = exactVersion;
				version = 1.0.5;
			};
		};
/* End XCRemoteSwiftPackageReference section */

/* Begin XCSwiftPackageProductDependency section */
		BA105C0C28B7A1CF00999B4A /* NavigationStack */ = {
			isa = XCSwiftPackageProductDependency;
			package = BA105C0B28B7A1CF00999B4A /* XCRemoteSwiftPackageReference "swiftui-navigation-stack" */;
			productName = NavigationStack;
		};
/* End XCSwiftPackageProductDependency section */
	};
	rootObject = BAB66509288F5C56007FABE8 /* Project object */;
}
